
Microsoft Visual Studio Solution File, Format Version 12.00
# Visual Studio Version 17
VisualStudioVersion = 17.3.32929.385
MinimumVisualStudioVersion = 10.0.40219.1
Project("{FAE04EC0-301F-11D3-BF4B-00C04F79EFBC}") = "zapuzdrenie_hodina", "zapuzdrenie_hodina\zapuzdrenie_hodina.csproj", "{3AFFA58B-FE65-4CC1-ABC4-6F1376510753}"
EndProject
Project("{FAE04EC0-301F-11D3-BF4B-00C04F79EFBC}") = "zapuzdrenie_hodina_lib", "zapuzdrenie_hodina_lib\zapuzdrenie_hodina_lib.csproj", "{FABFCFB5-71EC-44DF-97E9-DDB613457E5A}"
EndProject
Global
	GlobalSection(SolutionConfigurationPlatforms) = preSolution
		Debug|Any CPU = Debug|Any CPU
		Release|Any CPU = Release|Any CPU
	EndGlobalSection
	GlobalSection(ProjectConfigurationPlatforms) = postSolution
		{3AFFA58B-FE65-4CC1-ABC4-6F1376510753}.Debug|Any CPU.ActiveCfg = Debug|Any CPU
		{3AFFA58B-FE65-4CC1-ABC4-6F1376510753}.Debug|Any CPU.Build.0 = Debug|Any CPU
		{3AFFA58B-FE65-4CC1-ABC4-6F1376510753}.Release|Any CPU.ActiveCfg = Release|Any CPU
		{3AFFA58B-FE65-4CC1-ABC4-6F1376510753}.Release|Any CPU.Build.0 = Release|Any CPU
		{FABFCFB5-71EC-44DF-97E9-DDB613457E5A}.Debug|Any CPU.ActiveCfg = Debug|Any CPU
		{FABFCFB5-71EC-44DF-97E9-DDB613457E5A}.Debug|Any CPU.Build.0 = Debug|Any CPU
		{FABFCFB5-71EC-44DF-97E9-DDB613457E5A}.Release|Any CPU.ActiveCfg = Release|Any CPU
		{FABFCFB5-71EC-44DF-97E9-DDB613457E5A}.Release|Any CPU.Build.0 = Release|Any CPU
	EndGlobalSection
	GlobalSection(SolutionProperties) = preSolution
		HideSolutionNode = FALSE
	EndGlobalSection
	GlobalSection(ExtensibilityGlobals) = postSolution
		SolutionGuid = {79CAC965-A779-412B-A021-047EEC22FD0B}
	EndGlobalSection
EndGlobal
