
Microsoft Visual Studio Solution File, Format Version 12.00
# Visual Studio Version 17
VisualStudioVersion = 17.3.32929.385
MinimumVisualStudioVersion = 10.0.40219.1
Project("{FAE04EC0-301F-11D3-BF4B-00C04F79EFBC}") = "Uloha2.12", "Uloha2.12\Uloha2.12.csproj", "{C15D6854-69E8-428B-80B6-6B58ACC10B26}"
EndProject
Global
	GlobalSection(SolutionConfigurationPlatforms) = preSolution
		Debug|Any CPU = Debug|Any CPU
		Release|Any CPU = Release|Any CPU
	EndGlobalSection
	GlobalSection(ProjectConfigurationPlatforms) = postSolution
		{C15D6854-69E8-428B-80B6-6B58ACC10B26}.Debug|Any CPU.ActiveCfg = Debug|Any CPU
		{C15D6854-69E8-428B-80B6-6B58ACC10B26}.Debug|Any CPU.Build.0 = Debug|Any CPU
		{C15D6854-69E8-428B-80B6-6B58ACC10B26}.Release|Any CPU.ActiveCfg = Release|Any CPU
		{C15D6854-69E8-428B-80B6-6B58ACC10B26}.Release|Any CPU.Build.0 = Release|Any CPU
	EndGlobalSection
	GlobalSection(SolutionProperties) = preSolution
		HideSolutionNode = FALSE
	EndGlobalSection
	GlobalSection(ExtensibilityGlobals) = postSolution
		SolutionGuid = {57FD85DB-7129-499A-A968-D8F2D38571C5}
	EndGlobalSection
EndGlobal
