
Microsoft Visual Studio Solution File, Format Version 12.00
# Visual Studio Version 17
VisualStudioVersion = 17.5.33502.453
MinimumVisualStudioVersion = 10.0.40219.1
Project("{FAE04EC0-301F-11D3-BF4B-00C04F79EFBC}") = "codko", "codko\codko.csproj", "{8D6EB4BC-6065-4D83-9BF5-615045554A8E}"
EndProject
Global
	GlobalSection(SolutionConfigurationPlatforms) = preSolution
		Debug|Any CPU = Debug|Any CPU
		Release|Any CPU = Release|Any CPU
	EndGlobalSection
	GlobalSection(ProjectConfigurationPlatforms) = postSolution
		{8D6EB4BC-6065-4D83-9BF5-615045554A8E}.Debug|Any CPU.ActiveCfg = Debug|Any CPU
		{8D6EB4BC-6065-4D83-9BF5-615045554A8E}.Debug|Any CPU.Build.0 = Debug|Any CPU
		{8D6EB4BC-6065-4D83-9BF5-615045554A8E}.Release|Any CPU.ActiveCfg = Release|Any CPU
		{8D6EB4BC-6065-4D83-9BF5-615045554A8E}.Release|Any CPU.Build.0 = Release|Any CPU
	EndGlobalSection
	GlobalSection(SolutionProperties) = preSolution
		HideSolutionNode = FALSE
	EndGlobalSection
	GlobalSection(ExtensibilityGlobals) = postSolution
		SolutionGuid = {EEF3B6F4-C736-4B89-800E-16C21A88DD56}
	EndGlobalSection
EndGlobal
