
Microsoft Visual Studio Solution File, Format Version 12.00
# Visual Studio Version 17
VisualStudioVersion = 17.3.32929.385
MinimumVisualStudioVersion = 10.0.40219.1
Project("{FAE04EC0-301F-11D3-BF4B-00C04F79EFBC}") = "Interface", "Interface\Interface.csproj", "{A587DB56-6320-46A9-AE8C-922A456A9F0A}"
EndProject
Global
	GlobalSection(SolutionConfigurationPlatforms) = preSolution
		Debug|Any CPU = Debug|Any CPU
		Release|Any CPU = Release|Any CPU
	EndGlobalSection
	GlobalSection(ProjectConfigurationPlatforms) = postSolution
		{A587DB56-6320-46A9-AE8C-922A456A9F0A}.Debug|Any CPU.ActiveCfg = Debug|Any CPU
		{A587DB56-6320-46A9-AE8C-922A456A9F0A}.Debug|Any CPU.Build.0 = Debug|Any CPU
		{A587DB56-6320-46A9-AE8C-922A456A9F0A}.Release|Any CPU.ActiveCfg = Release|Any CPU
		{A587DB56-6320-46A9-AE8C-922A456A9F0A}.Release|Any CPU.Build.0 = Release|Any CPU
	EndGlobalSection
	GlobalSection(SolutionProperties) = preSolution
		HideSolutionNode = FALSE
	EndGlobalSection
	GlobalSection(ExtensibilityGlobals) = postSolution
		SolutionGuid = {245C6172-EE33-4934-839A-8306018C8FD7}
	EndGlobalSection
EndGlobal
